
Microsoft Visual Studio Solution File, Format Version 12.00
# Visual Studio 14
VisualStudioVersion = 14.0.23107.0
MinimumVisualStudioVersion = 10.0.40219.1
Project("{FAE04EC0-301F-11D3-BF4B-00C04F79EFBC}") = "Student_Enrolment_System", "Student_Enrolment_System\Student_Enrolment_System.csproj", "{DF1DE22A-A528-4E69-A2D4-CC509A73A3D3}"
EndProject
Global
	GlobalSection(SolutionConfigurationPlatforms) = preSolution
		Debug|Any CPU = Debug|Any CPU
		Release|Any CPU = Release|Any CPU
	EndGlobalSection
	GlobalSection(ProjectConfigurationPlatforms) = postSolution
		{DF1DE22A-A528-4E69-A2D4-CC509A73A3D3}.Debug|Any CPU.ActiveCfg = Debug|Any CPU
		{DF1DE22A-A528-4E69-A2D4-CC509A73A3D3}.Debug|Any CPU.Build.0 = Debug|Any CPU
		{DF1DE22A-A528-4E69-A2D4-CC509A73A3D3}.Release|Any CPU.ActiveCfg = Release|Any CPU
		{DF1DE22A-A528-4E69-A2D4-CC509A73A3D3}.Release|Any CPU.Build.0 = Release|Any CPU
	EndGlobalSection
	GlobalSection(SolutionProperties) = preSolution
		HideSolutionNode = FALSE
	EndGlobalSection
EndGlobal
